
Microsoft Visual Studio Solution File, Format Version 12.00
# Visual Studio 14
VisualStudioVersion = 14.0.24720.0
MinimumVisualStudioVersion = 10.0.40219.1
Project("{FAE04EC0-301F-11D3-BF4B-00C04F79EFBC}") = "BusTracker.Droid", "BusTracker\BusTracker.Droid\BusTracker.Droid.csproj", "{7EA18A9F-BB35-4A2B-9A4D-2A74494CF0CE}"
EndProject
Project("{FAE04EC0-301F-11D3-BF4B-00C04F79EFBC}") = "BusTracker.iOS", "BusTracker\BusTracker.iOS\BusTracker.iOS.csproj", "{C1E4A476-BCE8-418F-988D-54F8281C86FE}"
EndProject
Project("{FAE04EC0-301F-11D3-BF4B-00C04F79EFBC}") = "BusTracker.UWP", "BusTracker\BusTracker.UWP\BusTracker.UWP.csproj", "{544B0E6A-679B-4D72-BDC9-463110A9777F}"
EndProject
Project("{FAE04EC0-301F-11D3-BF4B-00C04F79EFBC}") = "BusTracker", "BusTracker\BusTracker\BusTracker.csproj", "{C867609C-266C-4971-AA2D-423F4982B98D}"
EndProject
Global
	GlobalSection(SolutionConfigurationPlatforms) = preSolution
		Ad-Hoc|Any CPU = Ad-Hoc|Any CPU
		Ad-Hoc|ARM = Ad-Hoc|ARM
		Ad-Hoc|iPhone = Ad-Hoc|iPhone
		Ad-Hoc|iPhoneSimulator = Ad-Hoc|iPhoneSimulator
		Ad-Hoc|x64 = Ad-Hoc|x64
		Ad-Hoc|x86 = Ad-Hoc|x86
		AppStore|Any CPU = AppStore|Any CPU
		AppStore|ARM = AppStore|ARM
		AppStore|iPhone = AppStore|iPhone
		AppStore|iPhoneSimulator = AppStore|iPhoneSimulator
		AppStore|x64 = AppStore|x64
		AppStore|x86 = AppStore|x86
		Debug|Any CPU = Debug|Any CPU
		Debug|ARM = Debug|ARM
		Debug|iPhone = Debug|iPhone
		Debug|iPhoneSimulator = Debug|iPhoneSimulator
		Debug|x64 = Debug|x64
		Debug|x86 = Debug|x86
		Release|Any CPU = Release|Any CPU
		Release|ARM = Release|ARM
		Release|iPhone = Release|iPhone
		Release|iPhoneSimulator = Release|iPhoneSimulator
		Release|x64 = Release|x64
		Release|x86 = Release|x86
	EndGlobalSection
	GlobalSection(ProjectConfigurationPlatforms) = postSolution
		{7EA18A9F-BB35-4A2B-9A4D-2A74494CF0CE}.Ad-Hoc|Any CPU.ActiveCfg = Release|Any CPU
		{7EA18A9F-BB35-4A2B-9A4D-2A74494CF0CE}.Ad-Hoc|Any CPU.Build.0 = Release|Any CPU
		{7EA18A9F-BB35-4A2B-9A4D-2A74494CF0CE}.Ad-Hoc|Any CPU.Deploy.0 = Release|Any CPU
		{7EA18A9F-BB35-4A2B-9A4D-2A74494CF0CE}.Ad-Hoc|ARM.ActiveCfg = Release|Any CPU
		{7EA18A9F-BB35-4A2B-9A4D-2A74494CF0CE}.Ad-Hoc|ARM.Build.0 = Release|Any CPU
		{7EA18A9F-BB35-4A2B-9A4D-2A74494CF0CE}.Ad-Hoc|ARM.Deploy.0 = Release|Any CPU
		{7EA18A9F-BB35-4A2B-9A4D-2A74494CF0CE}.Ad-Hoc|iPhone.ActiveCfg = Release|Any CPU
		{7EA18A9F-BB35-4A2B-9A4D-2A74494CF0CE}.Ad-Hoc|iPhone.Build.0 = Release|Any CPU
		{7EA18A9F-BB35-4A2B-9A4D-2A74494CF0CE}.Ad-Hoc|iPhone.Deploy.0 = Release|Any CPU
		{7EA18A9F-BB35-4A2B-9A4D-2A74494CF0CE}.Ad-Hoc|iPhoneSimulator.ActiveCfg = Release|Any CPU
		{7EA18A9F-BB35-4A2B-9A4D-2A74494CF0CE}.Ad-Hoc|iPhoneSimulator.Build.0 = Release|Any CPU
		{7EA18A9F-BB35-4A2B-9A4D-2A74494CF0CE}.Ad-Hoc|iPhoneSimulator.Deploy.0 = Release|Any CPU
		{7EA18A9F-BB35-4A2B-9A4D-2A74494CF0CE}.Ad-Hoc|x64.ActiveCfg = Release|Any CPU
		{7EA18A9F-BB35-4A2B-9A4D-2A74494CF0CE}.Ad-Hoc|x64.Build.0 = Release|Any CPU
		{7EA18A9F-BB35-4A2B-9A4D-2A74494CF0CE}.Ad-Hoc|x64.Deploy.0 = Release|Any CPU
		{7EA18A9F-BB35-4A2B-9A4D-2A74494CF0CE}.Ad-Hoc|x86.ActiveCfg = Release|Any CPU
		{7EA18A9F-BB35-4A2B-9A4D-2A74494CF0CE}.Ad-Hoc|x86.Build.0 = Release|Any CPU
		{7EA18A9F-BB35-4A2B-9A4D-2A74494CF0CE}.Ad-Hoc|x86.Deploy.0 = Release|Any CPU
		{7EA18A9F-BB35-4A2B-9A4D-2A74494CF0CE}.AppStore|Any CPU.ActiveCfg = Release|Any CPU
		{7EA18A9F-BB35-4A2B-9A4D-2A74494CF0CE}.AppStore|Any CPU.Build.0 = Release|Any CPU
		{7EA18A9F-BB35-4A2B-9A4D-2A74494CF0CE}.AppStore|Any CPU.Deploy.0 = Release|Any CPU
		{7EA18A9F-BB35-4A2B-9A4D-2A74494CF0CE}.AppStore|ARM.ActiveCfg = Release|Any CPU
		{7EA18A9F-BB35-4A2B-9A4D-2A74494CF0CE}.AppStore|ARM.Build.0 = Release|Any CPU
		{7EA18A9F-BB35-4A2B-9A4D-2A74494CF0CE}.AppStore|ARM.Deploy.0 = Release|Any CPU
		{7EA18A9F-BB35-4A2B-9A4D-2A74494CF0CE}.AppStore|iPhone.ActiveCfg = Release|Any CPU
		{7EA18A9F-BB35-4A2B-9A4D-2A74494CF0CE}.AppStore|iPhone.Build.0 = Release|Any CPU
		{7EA18A9F-BB35-4A2B-9A4D-2A74494CF0CE}.AppStore|iPhone.Deploy.0 = Release|Any CPU
		{7EA18A9F-BB35-4A2B-9A4D-2A74494CF0CE}.AppStore|iPhoneSimulator.ActiveCfg = Release|Any CPU
		{7EA18A9F-BB35-4A2B-9A4D-2A74494CF0CE}.AppStore|iPhoneSimulator.Build.0 = Release|Any CPU
		{7EA18A9F-BB35-4A2B-9A4D-2A74494CF0CE}.AppStore|iPhoneSimulator.Deploy.0 = Release|Any CPU
		{7EA18A9F-BB35-4A2B-9A4D-2A74494CF0CE}.AppStore|x64.ActiveCfg = Release|Any CPU
		{7EA18A9F-BB35-4A2B-9A4D-2A74494CF0CE}.AppStore|x64.Build.0 = Release|Any CPU
		{7EA18A9F-BB35-4A2B-9A4D-2A74494CF0CE}.AppStore|x64.Deploy.0 = Release|Any CPU
		{7EA18A9F-BB35-4A2B-9A4D-2A74494CF0CE}.AppStore|x86.ActiveCfg = Release|Any CPU
		{7EA18A9F-BB35-4A2B-9A4D-2A74494CF0CE}.AppStore|x86.Build.0 = Release|Any CPU
		{7EA18A9F-BB35-4A2B-9A4D-2A74494CF0CE}.AppStore|x86.Deploy.0 = Release|Any CPU
		{7EA18A9F-BB35-4A2B-9A4D-2A74494CF0CE}.Debug|Any CPU.ActiveCfg = Debug|Any CPU
		{7EA18A9F-BB35-4A2B-9A4D-2A74494CF0CE}.Debug|Any CPU.Build.0 = Debug|Any CPU
		{7EA18A9F-BB35-4A2B-9A4D-2A74494CF0CE}.Debug|Any CPU.Deploy.0 = Debug|Any CPU
		{7EA18A9F-BB35-4A2B-9A4D-2A74494CF0CE}.Debug|ARM.ActiveCfg = Debug|Any CPU
		{7EA18A9F-BB35-4A2B-9A4D-2A74494CF0CE}.Debug|ARM.Build.0 = Debug|Any CPU
		{7EA18A9F-BB35-4A2B-9A4D-2A74494CF0CE}.Debug|ARM.Deploy.0 = Debug|Any CPU
		{7EA18A9F-BB35-4A2B-9A4D-2A74494CF0CE}.Debug|iPhone.ActiveCfg = Debug|Any CPU
		{7EA18A9F-BB35-4A2B-9A4D-2A74494CF0CE}.Debug|iPhone.Build.0 = Debug|Any CPU
		{7EA18A9F-BB35-4A2B-9A4D-2A74494CF0CE}.Debug|iPhone.Deploy.0 = Debug|Any CPU
		{7EA18A9F-BB35-4A2B-9A4D-2A74494CF0CE}.Debug|iPhoneSimulator.ActiveCfg = Debug|Any CPU
		{7EA18A9F-BB35-4A2B-9A4D-2A74494CF0CE}.Debug|iPhoneSimulator.Build.0 = Debug|Any CPU
		{7EA18A9F-BB35-4A2B-9A4D-2A74494CF0CE}.Debug|iPhoneSimulator.Deploy.0 = Debug|Any CPU
		{7EA18A9F-BB35-4A2B-9A4D-2A74494CF0CE}.Debug|x64.ActiveCfg = Debug|Any CPU
		{7EA18A9F-BB35-4A2B-9A4D-2A74494CF0CE}.Debug|x64.Build.0 = Debug|Any CPU
		{7EA18A9F-BB35-4A2B-9A4D-2A74494CF0CE}.Debug|x64.Deploy.0 = Debug|Any CPU
		{7EA18A9F-BB35-4A2B-9A4D-2A74494CF0CE}.Debug|x86.ActiveCfg = Debug|Any CPU
		{7EA18A9F-BB35-4A2B-9A4D-2A74494CF0CE}.Debug|x86.Build.0 = Debug|Any CPU
		{7EA18A9F-BB35-4A2B-9A4D-2A74494CF0CE}.Debug|x86.Deploy.0 = Debug|Any CPU
		{7EA18A9F-BB35-4A2B-9A4D-2A74494CF0CE}.Release|Any CPU.ActiveCfg = Release|Any CPU
		{7EA18A9F-BB35-4A2B-9A4D-2A74494CF0CE}.Release|Any CPU.Build.0 = Release|Any CPU
		{7EA18A9F-BB35-4A2B-9A4D-2A74494CF0CE}.Release|Any CPU.Deploy.0 = Release|Any CPU
		{7EA18A9F-BB35-4A2B-9A4D-2A74494CF0CE}.Release|ARM.ActiveCfg = Release|Any CPU
		{7EA18A9F-BB35-4A2B-9A4D-2A74494CF0CE}.Release|ARM.Build.0 = Release|Any CPU
		{7EA18A9F-BB35-4A2B-9A4D-2A74494CF0CE}.Release|ARM.Deploy.0 = Release|Any CPU
		{7EA18A9F-BB35-4A2B-9A4D-2A74494CF0CE}.Release|iPhone.ActiveCfg = Release|Any CPU
		{7EA18A9F-BB35-4A2B-9A4D-2A74494CF0CE}.Release|iPhone.Build.0 = Release|Any CPU
		{7EA18A9F-BB35-4A2B-9A4D-2A74494CF0CE}.Release|iPhone.Deploy.0 = Release|Any CPU
		{7EA18A9F-BB35-4A2B-9A4D-2A74494CF0CE}.Release|iPhoneSimulator.ActiveCfg = Release|Any CPU
		{7EA18A9F-BB35-4A2B-9A4D-2A74494CF0CE}.Release|iPhoneSimulator.Build.0 = Release|Any CPU
		{7EA18A9F-BB35-4A2B-9A4D-2A74494CF0CE}.Release|iPhoneSimulator.Deploy.0 = Release|Any CPU
		{7EA18A9F-BB35-4A2B-9A4D-2A74494CF0CE}.Release|x64.ActiveCfg = Release|Any CPU
		{7EA18A9F-BB35-4A2B-9A4D-2A74494CF0CE}.Release|x64.Build.0 = Release|Any CPU
		{7EA18A9F-BB35-4A2B-9A4D-2A74494CF0CE}.Release|x64.Deploy.0 = Release|Any CPU
		{7EA18A9F-BB35-4A2B-9A4D-2A74494CF0CE}.Release|x86.ActiveCfg = Release|Any CPU
		{7EA18A9F-BB35-4A2B-9A4D-2A74494CF0CE}.Release|x86.Build.0 = Release|Any CPU
		{7EA18A9F-BB35-4A2B-9A4D-2A74494CF0CE}.Release|x86.Deploy.0 = Release|Any CPU
		{C1E4A476-BCE8-418F-988D-54F8281C86FE}.Ad-Hoc|Any CPU.ActiveCfg = Ad-Hoc|iPhone
		{C1E4A476-BCE8-418F-988D-54F8281C86FE}.Ad-Hoc|ARM.ActiveCfg = Ad-Hoc|iPhone
		{C1E4A476-BCE8-418F-988D-54F8281C86FE}.Ad-Hoc|iPhone.ActiveCfg = Ad-Hoc|iPhone
		{C1E4A476-BCE8-418F-988D-54F8281C86FE}.Ad-Hoc|iPhone.Build.0 = Ad-Hoc|iPhone
		{C1E4A476-BCE8-418F-988D-54F8281C86FE}.Ad-Hoc|iPhoneSimulator.ActiveCfg = Ad-Hoc|iPhoneSimulator
		{C1E4A476-BCE8-418F-988D-54F8281C86FE}.Ad-Hoc|iPhoneSimulator.Build.0 = Ad-Hoc|iPhoneSimulator
		{C1E4A476-BCE8-418F-988D-54F8281C86FE}.Ad-Hoc|x64.ActiveCfg = Ad-Hoc|iPhone
		{C1E4A476-BCE8-418F-988D-54F8281C86FE}.Ad-Hoc|x86.ActiveCfg = Ad-Hoc|iPhone
		{C1E4A476-BCE8-418F-988D-54F8281C86FE}.AppStore|Any CPU.ActiveCfg = AppStore|iPhone
		{C1E4A476-BCE8-418F-988D-54F8281C86FE}.AppStore|ARM.ActiveCfg = AppStore|iPhone
		{C1E4A476-BCE8-418F-988D-54F8281C86FE}.AppStore|iPhone.ActiveCfg = AppStore|iPhone
		{C1E4A476-BCE8-418F-988D-54F8281C86FE}.AppStore|iPhone.Build.0 = AppStore|iPhone
		{C1E4A476-BCE8-418F-988D-54F8281C86FE}.AppStore|iPhoneSimulator.ActiveCfg = AppStore|iPhoneSimulator
		{C1E4A476-BCE8-418F-988D-54F8281C86FE}.AppStore|iPhoneSimulator.Build.0 = AppStore|iPhoneSimulator
		{C1E4A476-BCE8-418F-988D-54F8281C86FE}.AppStore|x64.ActiveCfg = AppStore|iPhone
		{C1E4A476-BCE8-418F-988D-54F8281C86FE}.AppStore|x86.ActiveCfg = AppStore|iPhone
		{C1E4A476-BCE8-418F-988D-54F8281C86FE}.Debug|Any CPU.ActiveCfg = Debug|iPhone
		{C1E4A476-BCE8-418F-988D-54F8281C86FE}.Debug|ARM.ActiveCfg = Debug|iPhone
		{C1E4A476-BCE8-418F-988D-54F8281C86FE}.Debug|iPhone.ActiveCfg = Debug|iPhone
		{C1E4A476-BCE8-418F-988D-54F8281C86FE}.Debug|iPhone.Build.0 = Debug|iPhone
		{C1E4A476-BCE8-418F-988D-54F8281C86FE}.Debug|iPhoneSimulator.ActiveCfg = Debug|iPhoneSimulator
		{C1E4A476-BCE8-418F-988D-54F8281C86FE}.Debug|iPhoneSimulator.Build.0 = Debug|iPhoneSimulator
		{C1E4A476-BCE8-418F-988D-54F8281C86FE}.Debug|x64.ActiveCfg = Debug|iPhone
		{C1E4A476-BCE8-418F-988D-54F8281C86FE}.Debug|x86.ActiveCfg = Debug|iPhone
		{C1E4A476-BCE8-418F-988D-54F8281C86FE}.Release|Any CPU.ActiveCfg = Release|iPhone
		{C1E4A476-BCE8-418F-988D-54F8281C86FE}.Release|ARM.ActiveCfg = Release|iPhone
		{C1E4A476-BCE8-418F-988D-54F8281C86FE}.Release|iPhone.ActiveCfg = Release|iPhone
		{C1E4A476-BCE8-418F-988D-54F8281C86FE}.Release|iPhone.Build.0 = Release|iPhone
		{C1E4A476-BCE8-418F-988D-54F8281C86FE}.Release|iPhoneSimulator.ActiveCfg = Release|iPhoneSimulator
		{C1E4A476-BCE8-418F-988D-54F8281C86FE}.Release|iPhoneSimulator.Build.0 = Release|iPhoneSimulator
		{C1E4A476-BCE8-418F-988D-54F8281C86FE}.Release|x64.ActiveCfg = Release|iPhone
		{C1E4A476-BCE8-418F-988D-54F8281C86FE}.Release|x86.ActiveCfg = Release|iPhone
		{544B0E6A-679B-4D72-BDC9-463110A9777F}.Ad-Hoc|Any CPU.ActiveCfg = Release|x86
		{544B0E6A-679B-4D72-BDC9-463110A9777F}.Ad-Hoc|Any CPU.Build.0 = Release|x86
		{544B0E6A-679B-4D72-BDC9-463110A9777F}.Ad-Hoc|Any CPU.Deploy.0 = Release|x86
		{544B0E6A-679B-4D72-BDC9-463110A9777F}.Ad-Hoc|ARM.ActiveCfg = Release|ARM
		{544B0E6A-679B-4D72-BDC9-463110A9777F}.Ad-Hoc|ARM.Build.0 = Release|ARM
		{544B0E6A-679B-4D72-BDC9-463110A9777F}.Ad-Hoc|ARM.Deploy.0 = Release|ARM
		{544B0E6A-679B-4D72-BDC9-463110A9777F}.Ad-Hoc|iPhone.ActiveCfg = Release|x86
		{544B0E6A-679B-4D72-BDC9-463110A9777F}.Ad-Hoc|iPhone.Build.0 = Release|x86
		{544B0E6A-679B-4D72-BDC9-463110A9777F}.Ad-Hoc|iPhone.Deploy.0 = Release|x86
		{544B0E6A-679B-4D72-BDC9-463110A9777F}.Ad-Hoc|iPhoneSimulator.ActiveCfg = Release|x86
		{544B0E6A-679B-4D72-BDC9-463110A9777F}.Ad-Hoc|iPhoneSimulator.Build.0 = Release|x86
		{544B0E6A-679B-4D72-BDC9-463110A9777F}.Ad-Hoc|iPhoneSimulator.Deploy.0 = Release|x86
		{544B0E6A-679B-4D72-BDC9-463110A9777F}.Ad-Hoc|x64.ActiveCfg = Release|x64
		{544B0E6A-679B-4D72-BDC9-463110A9777F}.Ad-Hoc|x64.Build.0 = Release|x64
		{544B0E6A-679B-4D72-BDC9-463110A9777F}.Ad-Hoc|x64.Deploy.0 = Release|x64
		{544B0E6A-679B-4D72-BDC9-463110A9777F}.Ad-Hoc|x86.ActiveCfg = Release|x86
		{544B0E6A-679B-4D72-BDC9-463110A9777F}.Ad-Hoc|x86.Build.0 = Release|x86
		{544B0E6A-679B-4D72-BDC9-463110A9777F}.Ad-Hoc|x86.Deploy.0 = Release|x86
		{544B0E6A-679B-4D72-BDC9-463110A9777F}.AppStore|Any CPU.ActiveCfg = Release|x86
		{544B0E6A-679B-4D72-BDC9-463110A9777F}.AppStore|Any CPU.Build.0 = Release|x86
		{544B0E6A-679B-4D72-BDC9-463110A9777F}.AppStore|Any CPU.Deploy.0 = Release|x86
		{544B0E6A-679B-4D72-BDC9-463110A9777F}.AppStore|ARM.ActiveCfg = Release|ARM
		{544B0E6A-679B-4D72-BDC9-463110A9777F}.AppStore|ARM.Build.0 = Release|ARM
		{544B0E6A-679B-4D72-BDC9-463110A9777F}.AppStore|ARM.Deploy.0 = Release|ARM
		{544B0E6A-679B-4D72-BDC9-463110A9777F}.AppStore|iPhone.ActiveCfg = Release|x86
		{544B0E6A-679B-4D72-BDC9-463110A9777F}.AppStore|iPhone.Build.0 = Release|x86
		{544B0E6A-679B-4D72-BDC9-463110A9777F}.AppStore|iPhone.Deploy.0 = Release|x86
		{544B0E6A-679B-4D72-BDC9-463110A9777F}.AppStore|iPhoneSimulator.ActiveCfg = Release|x86
		{544B0E6A-679B-4D72-BDC9-463110A9777F}.AppStore|iPhoneSimulator.Build.0 = Release|x86
		{544B0E6A-679B-4D72-BDC9-463110A9777F}.AppStore|iPhoneSimulator.Deploy.0 = Release|x86
		{544B0E6A-679B-4D72-BDC9-463110A9777F}.AppStore|x64.ActiveCfg = Release|x64
		{544B0E6A-679B-4D72-BDC9-463110A9777F}.AppStore|x64.Build.0 = Release|x64
		{544B0E6A-679B-4D72-BDC9-463110A9777F}.AppStore|x64.Deploy.0 = Release|x64
		{544B0E6A-679B-4D72-BDC9-463110A9777F}.AppStore|x86.ActiveCfg = Release|x86
		{544B0E6A-679B-4D72-BDC9-463110A9777F}.AppStore|x86.Build.0 = Release|x86
		{544B0E6A-679B-4D72-BDC9-463110A9777F}.AppStore|x86.Deploy.0 = Release|x86
		{544B0E6A-679B-4D72-BDC9-463110A9777F}.Debug|Any CPU.ActiveCfg = Debug|x86
		{544B0E6A-679B-4D72-BDC9-463110A9777F}.Debug|Any CPU.Build.0 = Debug|x86
		{544B0E6A-679B-4D72-BDC9-463110A9777F}.Debug|Any CPU.Deploy.0 = Debug|x86
		{544B0E6A-679B-4D72-BDC9-463110A9777F}.Debug|ARM.ActiveCfg = Debug|ARM
		{544B0E6A-679B-4D72-BDC9-463110A9777F}.Debug|ARM.Build.0 = Debug|ARM
		{544B0E6A-679B-4D72-BDC9-463110A9777F}.Debug|ARM.Deploy.0 = Debug|ARM
		{544B0E6A-679B-4D72-BDC9-463110A9777F}.Debug|iPhone.ActiveCfg = Debug|x86
		{544B0E6A-679B-4D72-BDC9-463110A9777F}.Debug|iPhoneSimulator.ActiveCfg = Debug|x86
		{544B0E6A-679B-4D72-BDC9-463110A9777F}.Debug|x64.ActiveCfg = Debug|x64
		{544B0E6A-679B-4D72-BDC9-463110A9777F}.Debug|x64.Build.0 = Debug|x64
		{544B0E6A-679B-4D72-BDC9-463110A9777F}.Debug|x64.Deploy.0 = Debug|x64
		{544B0E6A-679B-4D72-BDC9-463110A9777F}.Debug|x86.ActiveCfg = Debug|x86
		{544B0E6A-679B-4D72-BDC9-463110A9777F}.Debug|x86.Build.0 = Debug|x86
		{544B0E6A-679B-4D72-BDC9-463110A9777F}.Debug|x86.Deploy.0 = Debug|x86
		{544B0E6A-679B-4D72-BDC9-463110A9777F}.Release|Any CPU.ActiveCfg = Release|x86
		{544B0E6A-679B-4D72-BDC9-463110A9777F}.Release|ARM.ActiveCfg = Release|ARM
		{544B0E6A-679B-4D72-BDC9-463110A9777F}.Release|ARM.Build.0 = Release|ARM
		{544B0E6A-679B-4D72-BDC9-463110A9777F}.Release|ARM.Deploy.0 = Release|ARM
		{544B0E6A-679B-4D72-BDC9-463110A9777F}.Release|iPhone.ActiveCfg = Release|x86
		{544B0E6A-679B-4D72-BDC9-463110A9777F}.Release|iPhoneSimulator.ActiveCfg = Release|x86
		{544B0E6A-679B-4D72-BDC9-463110A9777F}.Release|x64.ActiveCfg = Release|x64
		{544B0E6A-679B-4D72-BDC9-463110A9777F}.Release|x64.Build.0 = Release|x64
		{544B0E6A-679B-4D72-BDC9-463110A9777F}.Release|x64.Deploy.0 = Release|x64
		{544B0E6A-679B-4D72-BDC9-463110A9777F}.Release|x86.ActiveCfg = Release|x86
		{544B0E6A-679B-4D72-BDC9-463110A9777F}.Release|x86.Build.0 = Release|x86
		{544B0E6A-679B-4D72-BDC9-463110A9777F}.Release|x86.Deploy.0 = Release|x86
		{C867609C-266C-4971-AA2D-423F4982B98D}.Ad-Hoc|Any CPU.ActiveCfg = Release|Any CPU
		{C867609C-266C-4971-AA2D-423F4982B98D}.Ad-Hoc|Any CPU.Build.0 = Release|Any CPU
		{C867609C-266C-4971-AA2D-423F4982B98D}.Ad-Hoc|ARM.ActiveCfg = Release|Any CPU
		{C867609C-266C-4971-AA2D-423F4982B98D}.Ad-Hoc|ARM.Build.0 = Release|Any CPU
		{C867609C-266C-4971-AA2D-423F4982B98D}.Ad-Hoc|iPhone.ActiveCfg = Release|Any CPU
		{C867609C-266C-4971-AA2D-423F4982B98D}.Ad-Hoc|iPhone.Build.0 = Release|Any CPU
		{C867609C-266C-4971-AA2D-423F4982B98D}.Ad-Hoc|iPhoneSimulator.ActiveCfg = Release|Any CPU
		{C867609C-266C-4971-AA2D-423F4982B98D}.Ad-Hoc|iPhoneSimulator.Build.0 = Release|Any CPU
		{C867609C-266C-4971-AA2D-423F4982B98D}.Ad-Hoc|x64.ActiveCfg = Release|Any CPU
		{C867609C-266C-4971-AA2D-423F4982B98D}.Ad-Hoc|x64.Build.0 = Release|Any CPU
		{C867609C-266C-4971-AA2D-423F4982B98D}.Ad-Hoc|x86.ActiveCfg = Release|Any CPU
		{C867609C-266C-4971-AA2D-423F4982B98D}.Ad-Hoc|x86.Build.0 = Release|Any CPU
		{C867609C-266C-4971-AA2D-423F4982B98D}.AppStore|Any CPU.ActiveCfg = Release|Any CPU
		{C867609C-266C-4971-AA2D-423F4982B98D}.AppStore|Any CPU.Build.0 = Release|Any CPU
		{C867609C-266C-4971-AA2D-423F4982B98D}.AppStore|ARM.ActiveCfg = Release|Any CPU
		{C867609C-266C-4971-AA2D-423F4982B98D}.AppStore|ARM.Build.0 = Release|Any CPU
		{C867609C-266C-4971-AA2D-423F4982B98D}.AppStore|iPhone.ActiveCfg = Release|Any CPU
		{C867609C-266C-4971-AA2D-423F4982B98D}.AppStore|iPhone.Build.0 = Release|Any CPU
		{C867609C-266C-4971-AA2D-423F4982B98D}.AppStore|iPhoneSimulator.ActiveCfg = Release|Any CPU
		{C867609C-266C-4971-AA2D-423F4982B98D}.AppStore|iPhoneSimulator.Build.0 = Release|Any CPU
		{C867609C-266C-4971-AA2D-423F4982B98D}.AppStore|x64.ActiveCfg = Release|Any CPU
		{C867609C-266C-4971-AA2D-423F4982B98D}.AppStore|x64.Build.0 = Release|Any CPU
		{C867609C-266C-4971-AA2D-423F4982B98D}.AppStore|x86.ActiveCfg = Release|Any CPU
		{C867609C-266C-4971-AA2D-423F4982B98D}.AppStore|x86.Build.0 = Release|Any CPU
		{C867609C-266C-4971-AA2D-423F4982B98D}.Debug|Any CPU.ActiveCfg = Debug|Any CPU
		{C867609C-266C-4971-AA2D-423F4982B98D}.Debug|Any CPU.Build.0 = Debug|Any CPU
		{C867609C-266C-4971-AA2D-423F4982B98D}.Debug|ARM.ActiveCfg = Debug|Any CPU
		{C867609C-266C-4971-AA2D-423F4982B98D}.Debug|ARM.Build.0 = Debug|Any CPU
		{C867609C-266C-4971-AA2D-423F4982B98D}.Debug|iPhone.ActiveCfg = Debug|Any CPU
		{C867609C-266C-4971-AA2D-423F4982B98D}.Debug|iPhone.Build.0 = Debug|Any CPU
		{C867609C-266C-4971-AA2D-423F4982B98D}.Debug|iPhoneSimulator.ActiveCfg = Debug|Any CPU
		{C867609C-266C-4971-AA2D-423F4982B98D}.Debug|iPhoneSimulator.Build.0 = Debug|Any CPU
		{C867609C-266C-4971-AA2D-423F4982B98D}.Debug|x64.ActiveCfg = Debug|Any CPU
		{C867609C-266C-4971-AA2D-423F4982B98D}.Debug|x64.Build.0 = Debug|Any CPU
		{C867609C-266C-4971-AA2D-423F4982B98D}.Debug|x86.ActiveCfg = Debug|Any CPU
		{C867609C-266C-4971-AA2D-423F4982B98D}.Debug|x86.Build.0 = Debug|Any CPU
		{C867609C-266C-4971-AA2D-423F4982B98D}.Release|Any CPU.ActiveCfg = Release|Any CPU
		{C867609C-266C-4971-AA2D-423F4982B98D}.Release|Any CPU.Build.0 = Release|Any CPU
		{C867609C-266C-4971-AA2D-423F4982B98D}.Release|ARM.ActiveCfg = Release|Any CPU
		{C867609C-266C-4971-AA2D-423F4982B98D}.Release|ARM.Build.0 = Release|Any CPU
		{C867609C-266C-4971-AA2D-423F4982B98D}.Release|iPhone.ActiveCfg = Release|Any CPU
		{C867609C-266C-4971-AA2D-423F4982B98D}.Release|iPhone.Build.0 = Release|Any CPU
		{C867609C-266C-4971-AA2D-423F4982B98D}.Release|iPhoneSimulator.ActiveCfg = Release|Any CPU
		{C867609C-266C-4971-AA2D-423F4982B98D}.Release|iPhoneSimulator.Build.0 = Release|Any CPU
		{C867609C-266C-4971-AA2D-423F4982B98D}.Release|x64.ActiveCfg = Release|Any CPU
		{C867609C-266C-4971-AA2D-423F4982B98D}.Release|x64.Build.0 = Release|Any CPU
		{C867609C-266C-4971-AA2D-423F4982B98D}.Release|x86.ActiveCfg = Release|Any CPU
		{C867609C-266C-4971-AA2D-423F4982B98D}.Release|x86.Build.0 = Release|Any CPU
	EndGlobalSection
	GlobalSection(SolutionProperties) = preSolution
		HideSolutionNode = FALSE
	EndGlobalSection
EndGlobal
